
Microsoft Visual Studio Solution File, Format Version 12.00
# Visual Studio Version 17
VisualStudioVersion = 17.8.34330.188
MinimumVisualStudioVersion = 10.0.40219.1
Project("{9A19103F-16F7-4668-BE54-9A1E7A4F7556}") = "InfoLoom", "InfoLoom.csproj", "{B874AF15-B836-4585-8BCF-F280F9068DEC}"
EndProject
Global
	GlobalSection(SolutionConfigurationPlatforms) = preSolution
		Debug|Any CPU = Debug|Any CPU
		Release|Any CPU = Release|Any CPU
	EndGlobalSection
	GlobalSection(ProjectConfigurationPlatforms) = postSolution
		{B874AF15-B836-4585-8BCF-F280F9068DEC}.Debug|Any CPU.ActiveCfg = Debug|Any CPU
		{B874AF15-B836-4585-8BCF-F280F9068DEC}.Debug|Any CPU.Build.0 = Debug|Any CPU
		{B874AF15-B836-4585-8BCF-F280F9068DEC}.Release|Any CPU.ActiveCfg = Release|Any CPU
		{B874AF15-B836-4585-8BCF-F280F9068DEC}.Release|Any CPU.Build.0 = Release|Any CPU
	EndGlobalSection
	GlobalSection(SolutionProperties) = preSolution
		HideSolutionNode = FALSE
	EndGlobalSection
	GlobalSection(ExtensibilityGlobals) = postSolution
		SolutionGuid = {F39BC0DE-B081-4C90-82A6-8CB0DCDD0448}
	EndGlobalSection
EndGlobal
